{
  "name": "fhir-canonical-manager-workspace",
  "version": "1.0.0",
  "lockfileVersion": 3,
  "requires": true,
  "packages": {
    "": {
      "name": "fhir-canonical-manager-workspace",
      "version": "1.0.0",
      "dependencies": {
        "hl7.fhir.r4.core": "^4.0.1"
      }
    },
    "node_modules/hl7.fhir.r4.core": {
      "version": "4.0.1",
      "resolved": "http://fs.get-ig.org/-/hl7.fhir.r4.core-4.0.1.tgz",
      "license": "CC0-1.0"
    }
  }
}
